// !$*UTF8*$!
{
	archiveVersion = 1;
	classes = {
	};
	objectVersion = 56;
	objects = {

/* Begin PBXBuildFile section */
		32E6A8E32BEB36F10033DC04 /* AssignmentApp.swift in Sources */ = {isa = PBXBuildFile; fileRef = 32E6A8E22BEB36F10033DC04 /* AssignmentApp.swift */; };
		32E6A8E52BEB36F10033DC04 /* ContentView.swift in Sources */ = {isa = PBXBuildFile; fileRef = 32E6A8E42BEB36F10033DC04 /* ContentView.swift */; };
		32E6A8E72BEB36F20033DC04 /* Assets.xcassets in Resources */ = {isa = PBXBuildFile; fileRef = 32E6A8E62BEB36F20033DC04 /* Assets.xcassets */; };
		32E6A8EA2BEB36F20033DC04 /* Preview Assets.xcassets in Resources */ = {isa = PBXBuildFile; fileRef = 32E6A8E92BEB36F20033DC04 /* Preview Assets.xcassets */; };
		32E6A8F42BEB36F20033DC04 /* AssignmentTests.swift in Sources */ = {isa = PBXBuildFile; fileRef = 32E6A8F32BEB36F20033DC04 /* AssignmentTests.swift */; };
		32E6A8FE2BEB36F20033DC04 /* AssignmentUITests.swift in Sources */ = {isa = PBXBuildFile; fileRef = 32E6A8FD2BEB36F20033DC04 /* AssignmentUITests.swift */; };
		32E6A9002BEB36F20033DC04 /* AssignmentUITestsLaunchTests.swift in Sources */ = {isa = PBXBuildFile; fileRef = 32E6A8FF2BEB36F20033DC04 /* AssignmentUITestsLaunchTests.swift */; };
		32E6A90F2BEB630D0033DC04 /* BookingHistory.swift in Sources */ = {isa = PBXBuildFile; fileRef = 32E6A90E2BEB630D0033DC04 /* BookingHistory.swift */; };
		32E6A9112BEB69640033DC04 /* BookingDetailsView.swift in Sources */ = {isa = PBXBuildFile; fileRef = 32E6A9102BEB69640033DC04 /* BookingDetailsView.swift */; };
		32E6A9132BEB6B550033DC04 /* HistoryView.swift in Sources */ = {isa = PBXBuildFile; fileRef = 32E6A9122BEB6B550033DC04 /* HistoryView.swift */; };
		32E6A9152BEB95840033DC04 /* MovieData.swift in Sources */ = {isa = PBXBuildFile; fileRef = 32E6A9142BEB95840033DC04 /* MovieData.swift */; };
		32E6A9172BEBAE2D0033DC04 /* HomeView.swift in Sources */ = {isa = PBXBuildFile; fileRef = 32E6A9162BEBAE2D0033DC04 /* HomeView.swift */; };
		32E6A9192BEBAE560033DC04 /* UpcomingTicketView.swift in Sources */ = {isa = PBXBuildFile; fileRef = 32E6A9182BEBAE560033DC04 /* UpcomingTicketView.swift */; };
		32E6A91D2BEBAE8F0033DC04 /* MoviesView.swift in Sources */ = {isa = PBXBuildFile; fileRef = 32E6A91C2BEBAE8F0033DC04 /* MoviesView.swift */; };
		32E6A91F2BEBAEBB0033DC04 /* BookingProcess.swift in Sources */ = {isa = PBXBuildFile; fileRef = 32E6A91E2BEBAEBB0033DC04 /* BookingProcess.swift */; };
		32E6A9212BEC77EE0033DC04 /* BookingTipsView.swift in Sources */ = {isa = PBXBuildFile; fileRef = 32E6A9202BEC77EE0033DC04 /* BookingTipsView.swift */; };
/* End PBXBuildFile section */

/* Begin PBXContainerItemProxy section */
		32E6A8F02BEB36F20033DC04 /* PBXContainerItemProxy */ = {
			isa = PBXContainerItemProxy;
			containerPortal = 32E6A8D72BEB36F10033DC04 /* Project object */;
			proxyType = 1;
			remoteGlobalIDString = 32E6A8DE2BEB36F10033DC04;
			remoteInfo = Assignment;
		};
		32E6A8FA2BEB36F20033DC04 /* PBXContainerItemProxy */ = {
			isa = PBXContainerItemProxy;
			containerPortal = 32E6A8D72BEB36F10033DC04 /* Project object */;
			proxyType = 1;
			remoteGlobalIDString = 32E6A8DE2BEB36F10033DC04;
			remoteInfo = Assignment;
		};
/* End PBXContainerItemProxy section */

/* Begin PBXFileReference section */
		32E6A8DF2BEB36F10033DC04 /* Assignment.app */ = {isa = PBXFileReference; explicitFileType = wrapper.application; includeInIndex = 0; path = Assignment.app; sourceTree = BUILT_PRODUCTS_DIR; };
		32E6A8E22BEB36F10033DC04 /* AssignmentApp.swift */ = {isa = PBXFileReference; lastKnownFileType = sourcecode.swift; path = AssignmentApp.swift; sourceTree = "<group>"; };
		32E6A8E42BEB36F10033DC04 /* ContentView.swift */ = {isa = PBXFileReference; lastKnownFileType = sourcecode.swift; path = ContentView.swift; sourceTree = "<group>"; };
		32E6A8E62BEB36F20033DC04 /* Assets.xcassets */ = {isa = PBXFileReference; lastKnownFileType = folder.assetcatalog; path = Assets.xcassets; sourceTree = "<group>"; };
		32E6A8E92BEB36F20033DC04 /* Preview Assets.xcassets */ = {isa = PBXFileReference; lastKnownFileType = folder.assetcatalog; path = "Preview Assets.xcassets"; sourceTree = "<group>"; };
		32E6A8EF2BEB36F20033DC04 /* AssignmentTests.xctest */ = {isa = PBXFileReference; explicitFileType = wrapper.cfbundle; includeInIndex = 0; path = AssignmentTests.xctest; sourceTree = BUILT_PRODUCTS_DIR; };
		32E6A8F32BEB36F20033DC04 /* AssignmentTests.swift */ = {isa = PBXFileReference; lastKnownFileType = sourcecode.swift; path = AssignmentTests.swift; sourceTree = "<group>"; };
		32E6A8F92BEB36F20033DC04 /* AssignmentUITests.xctest */ = {isa = PBXFileReference; explicitFileType = wrapper.cfbundle; includeInIndex = 0; path = AssignmentUITests.xctest; sourceTree = BUILT_PRODUCTS_DIR; };
		32E6A8FD2BEB36F20033DC04 /* AssignmentUITests.swift */ = {isa = PBXFileReference; lastKnownFileType = sourcecode.swift; path = AssignmentUITests.swift; sourceTree = "<group>"; };
		32E6A8FF2BEB36F20033DC04 /* AssignmentUITestsLaunchTests.swift */ = {isa = PBXFileReference; lastKnownFileType = sourcecode.swift; path = AssignmentUITestsLaunchTests.swift; sourceTree = "<group>"; };
		32E6A90E2BEB630D0033DC04 /* BookingHistory.swift */ = {isa = PBXFileReference; lastKnownFileType = sourcecode.swift; path = BookingHistory.swift; sourceTree = "<group>"; };
		32E6A9102BEB69640033DC04 /* BookingDetailsView.swift */ = {isa = PBXFileReference; lastKnownFileType = sourcecode.swift; path = BookingDetailsView.swift; sourceTree = "<group>"; };
		32E6A9122BEB6B550033DC04 /* HistoryView.swift */ = {isa = PBXFileReference; lastKnownFileType = sourcecode.swift; path = HistoryView.swift; sourceTree = "<group>"; };
		32E6A9142BEB95840033DC04 /* MovieData.swift */ = {isa = PBXFileReference; lastKnownFileType = sourcecode.swift; path = MovieData.swift; sourceTree = "<group>"; };
		32E6A9162BEBAE2D0033DC04 /* HomeView.swift */ = {isa = PBXFileReference; lastKnownFileType = sourcecode.swift; path = HomeView.swift; sourceTree = "<group>"; };
		32E6A9182BEBAE560033DC04 /* UpcomingTicketView.swift */ = {isa = PBXFileReference; lastKnownFileType = sourcecode.swift; path = UpcomingTicketView.swift; sourceTree = "<group>"; };
		32E6A91C2BEBAE8F0033DC04 /* MoviesView.swift */ = {isa = PBXFileReference; lastKnownFileType = sourcecode.swift; path = MoviesView.swift; sourceTree = "<group>"; };
		32E6A91E2BEBAEBB0033DC04 /* BookingProcess.swift */ = {isa = PBXFileReference; lastKnownFileType = sourcecode.swift; path = BookingProcess.swift; sourceTree = "<group>"; };
		32E6A9202BEC77EE0033DC04 /* BookingTipsView.swift */ = {isa = PBXFileReference; lastKnownFileType = sourcecode.swift; path = BookingTipsView.swift; sourceTree = "<group>"; };
/* End PBXFileReference section */

/* Begin PBXFrameworksBuildPhase section */
		32E6A8DC2BEB36F10033DC04 /* Frameworks */ = {
			isa = PBXFrameworksBuildPhase;
			buildActionMask = 2147483647;
			files = (
			);
			runOnlyForDeploymentPostprocessing = 0;
		};
		32E6A8EC2BEB36F20033DC04 /* Frameworks */ = {
			isa = PBXFrameworksBuildPhase;
			buildActionMask = 2147483647;
			files = (
			);
			runOnlyForDeploymentPostprocessing = 0;
		};
		32E6A8F62BEB36F20033DC04 /* Frameworks */ = {
			isa = PBXFrameworksBuildPhase;
			buildActionMask = 2147483647;
			files = (
			);
			runOnlyForDeploymentPostprocessing = 0;
		};
/* End PBXFrameworksBuildPhase section */

/* Begin PBXGroup section */
		32E6A8D62BEB36F10033DC04 = {
			isa = PBXGroup;
			children = (
				32E6A8E12BEB36F10033DC04 /* Assignment */,
				32E6A8F22BEB36F20033DC04 /* AssignmentTests */,
				32E6A8FC2BEB36F20033DC04 /* AssignmentUITests */,
				32E6A8E02BEB36F10033DC04 /* Products */,
			);
			sourceTree = "<group>";
		};
		32E6A8E02BEB36F10033DC04 /* Products */ = {
			isa = PBXGroup;
			children = (
				32E6A8DF2BEB36F10033DC04 /* Assignment.app */,
				32E6A8EF2BEB36F20033DC04 /* AssignmentTests.xctest */,
				32E6A8F92BEB36F20033DC04 /* AssignmentUITests.xctest */,
			);
			name = Products;
			sourceTree = "<group>";
		};
		32E6A8E12BEB36F10033DC04 /* Assignment */ = {
			isa = PBXGroup;
			children = (
				32E6A90D2BEB62C20033DC04 /* Model */,
				32E6A90C2BEB62BD0033DC04 /* Views */,
				32E6A8E22BEB36F10033DC04 /* AssignmentApp.swift */,
				32E6A8E42BEB36F10033DC04 /* ContentView.swift */,
				32E6A8E62BEB36F20033DC04 /* Assets.xcassets */,
				32E6A8E82BEB36F20033DC04 /* Preview Content */,
			);
			path = Assignment;
			sourceTree = "<group>";
		};
		32E6A8E82BEB36F20033DC04 /* Preview Content */ = {
			isa = PBXGroup;
			children = (
				32E6A8E92BEB36F20033DC04 /* Preview Assets.xcassets */,
			);
			path = "Preview Content";
			sourceTree = "<group>";
		};
		32E6A8F22BEB36F20033DC04 /* AssignmentTests */ = {
			isa = PBXGroup;
			children = (
				32E6A8F32BEB36F20033DC04 /* AssignmentTests.swift */,
			);
			path = AssignmentTests;
			sourceTree = "<group>";
		};
		32E6A8FC2BEB36F20033DC04 /* AssignmentUITests */ = {
			isa = PBXGroup;
			children = (
				32E6A8FD2BEB36F20033DC04 /* AssignmentUITests.swift */,
				32E6A8FF2BEB36F20033DC04 /* AssignmentUITestsLaunchTests.swift */,
			);
			path = AssignmentUITests;
			sourceTree = "<group>";
		};
		32E6A90C2BEB62BD0033DC04 /* Views */ = {
			isa = PBXGroup;
			children = (
				32E6A9102BEB69640033DC04 /* BookingDetailsView.swift */,
				32E6A9122BEB6B550033DC04 /* HistoryView.swift */,
				32E6A9162BEBAE2D0033DC04 /* HomeView.swift */,
				32E6A9182BEBAE560033DC04 /* UpcomingTicketView.swift */,
				32E6A91C2BEBAE8F0033DC04 /* MoviesView.swift */,
				32E6A91E2BEBAEBB0033DC04 /* BookingProcess.swift */,
				32E6A9202BEC77EE0033DC04 /* BookingTipsView.swift */,
			);
			path = Views;
			sourceTree = "<group>";
		};
		32E6A90D2BEB62C20033DC04 /* Model */ = {
			isa = PBXGroup;
			children = (
				32E6A90E2BEB630D0033DC04 /* BookingHistory.swift */,
				32E6A9142BEB95840033DC04 /* MovieData.swift */,
			);
			path = Model;
			sourceTree = "<group>";
		};
/* End PBXGroup section */

/* Begin PBXNativeTarget section */
		32E6A8DE2BEB36F10033DC04 /* Assignment */ = {
			isa = PBXNativeTarget;
			buildConfigurationList = 32E6A9032BEB36F20033DC04 /* Build configuration list for PBXNativeTarget "Assignment" */;
			buildPhases = (
				32E6A8DB2BEB36F10033DC04 /* Sources */,
				32E6A8DC2BEB36F10033DC04 /* Frameworks */,
				32E6A8DD2BEB36F10033DC04 /* Resources */,
			);
			buildRules = (
			);
			dependencies = (
			);
			name = Assignment;
			productName = Assignment;
			productReference = 32E6A8DF2BEB36F10033DC04 /* Assignment.app */;
			productType = "com.apple.product-type.application";
		};
		32E6A8EE2BEB36F20033DC04 /* AssignmentTests */ = {
			isa = PBXNativeTarget;
			buildConfigurationList = 32E6A9062BEB36F20033DC04 /* Build configuration list for PBXNativeTarget "AssignmentTests" */;
			buildPhases = (
				32E6A8EB2BEB36F20033DC04 /* Sources */,
				32E6A8EC2BEB36F20033DC04 /* Frameworks */,
				32E6A8ED2BEB36F20033DC04 /* Resources */,
			);
			buildRules = (
			);
			dependencies = (
				32E6A8F12BEB36F20033DC04 /* PBXTargetDependency */,
			);
			name = AssignmentTests;
			productName = AssignmentTests;
			productReference = 32E6A8EF2BEB36F20033DC04 /* AssignmentTests.xctest */;
			productType = "com.apple.product-type.bundle.unit-test";
		};
		32E6A8F82BEB36F20033DC04 /* AssignmentUITests */ = {
			isa = PBXNativeTarget;
			buildConfigurationList = 32E6A9092BEB36F20033DC04 /* Build configuration list for PBXNativeTarget "AssignmentUITests" */;
			buildPhases = (
				32E6A8F52BEB36F20033DC04 /* Sources */,
				32E6A8F62BEB36F20033DC04 /* Frameworks */,
				32E6A8F72BEB36F20033DC04 /* Resources */,
			);
			buildRules = (
			);
			dependencies = (
				32E6A8FB2BEB36F20033DC04 /* PBXTargetDependency */,
			);
			name = AssignmentUITests;
			productName = AssignmentUITests;
			productReference = 32E6A8F92BEB36F20033DC04 /* AssignmentUITests.xctest */;
			productType = "com.apple.product-type.bundle.ui-testing";
		};
/* End PBXNativeTarget section */

/* Begin PBXProject section */
		32E6A8D72BEB36F10033DC04 /* Project object */ = {
			isa = PBXProject;
			attributes = {
				BuildIndependentTargetsInParallel = 1;
				LastSwiftUpdateCheck = 1520;
				LastUpgradeCheck = 1520;
				TargetAttributes = {
					32E6A8DE2BEB36F10033DC04 = {
						CreatedOnToolsVersion = 15.2;
					};
					32E6A8EE2BEB36F20033DC04 = {
						CreatedOnToolsVersion = 15.2;
						TestTargetID = 32E6A8DE2BEB36F10033DC04;
					};
					32E6A8F82BEB36F20033DC04 = {
						CreatedOnToolsVersion = 15.2;
						TestTargetID = 32E6A8DE2BEB36F10033DC04;
					};
				};
			};
			buildConfigurationList = 32E6A8DA2BEB36F10033DC04 /* Build configuration list for PBXProject "Assignment" */;
			compatibilityVersion = "Xcode 14.0";
			developmentRegion = en;
			hasScannedForEncodings = 0;
			knownRegions = (
				en,
				Base,
			);
			mainGroup = 32E6A8D62BEB36F10033DC04;
			productRefGroup = 32E6A8E02BEB36F10033DC04 /* Products */;
			projectDirPath = "";
			projectRoot = "";
			targets = (
				32E6A8DE2BEB36F10033DC04 /* Assignment */,
				32E6A8EE2BEB36F20033DC04 /* AssignmentTests */,
				32E6A8F82BEB36F20033DC04 /* AssignmentUITests */,
			);
		};
/* End PBXProject section */

/* Begin PBXResourcesBuildPhase section */
		32E6A8DD2BEB36F10033DC04 /* Resources */ = {
			isa = PBXResourcesBuildPhase;
			buildActionMask = 2147483647;
			files = (
				32E6A8EA2BEB36F20033DC04 /* Preview Assets.xcassets in Resources */,
				32E6A8E72BEB36F20033DC04 /* Assets.xcassets in Resources */,
			);
			runOnlyForDeploymentPostprocessing = 0;
		};
		32E6A8ED2BEB36F20033DC04 /* Resources */ = {
			isa = PBXResourcesBuildPhase;
			buildActionMask = 2147483647;
			files = (
			);
			runOnlyForDeploymentPostprocessing = 0;
		};
		32E6A8F72BEB36F20033DC04 /* Resources */ = {
			isa = PBXResourcesBuildPhase;
			buildActionMask = 2147483647;
			files = (
			);
			runOnlyForDeploymentPostprocessing = 0;
		};
/* End PBXResourcesBuildPhase section */

/* Begin PBXSourcesBuildPhase section */
		32E6A8DB2BEB36F10033DC04 /* Sources */ = {
			isa = PBXSourcesBuildPhase;
			buildActionMask = 2147483647;
			files = (
				32E6A9212BEC77EE0033DC04 /* BookingTipsView.swift in Sources */,
				32E6A9152BEB95840033DC04 /* MovieData.swift in Sources */,
				32E6A9172BEBAE2D0033DC04 /* HomeView.swift in Sources */,
				32E6A8E52BEB36F10033DC04 /* ContentView.swift in Sources */,
				32E6A9112BEB69640033DC04 /* BookingDetailsView.swift in Sources */,
				32E6A9192BEBAE560033DC04 /* UpcomingTicketView.swift in Sources */,
				32E6A91D2BEBAE8F0033DC04 /* MoviesView.swift in Sources */,
				32E6A9132BEB6B550033DC04 /* HistoryView.swift in Sources */,
				32E6A8E32BEB36F10033DC04 /* AssignmentApp.swift in Sources */,
				32E6A90F2BEB630D0033DC04 /* BookingHistory.swift in Sources */,
				32E6A91F2BEBAEBB0033DC04 /* BookingProcess.swift in Sources */,
			);
			runOnlyForDeploymentPostprocessing = 0;
		};
		32E6A8EB2BEB36F20033DC04 /* Sources */ = {
			isa = PBXSourcesBuildPhase;
			buildActionMask = 2147483647;
			files = (
				32E6A8F42BEB36F20033DC04 /* AssignmentTests.swift in Sources */,
			);
			runOnlyForDeploymentPostprocessing = 0;
		};
		32E6A8F52BEB36F20033DC04 /* Sources */ = {
			isa = PBXSourcesBuildPhase;
			buildActionMask = 2147483647;
			files = (
				32E6A8FE2BEB36F20033DC04 /* AssignmentUITests.swift in Sources */,
				32E6A9002BEB36F20033DC04 /* AssignmentUITestsLaunchTests.swift in Sources */,
			);
			runOnlyForDeploymentPostprocessing = 0;
		};
/* End PBXSourcesBuildPhase section */

/* Begin PBXTargetDependency section */
		32E6A8F12BEB36F20033DC04 /* PBXTargetDependency */ = {
			isa = PBXTargetDependency;
			target = 32E6A8DE2BEB36F10033DC04 /* Assignment */;
			targetProxy = 32E6A8F02BEB36F20033DC04 /* PBXContainerItemProxy */;
		};
		32E6A8FB2BEB36F20033DC04 /* PBXTargetDependency */ = {
			isa = PBXTargetDependency;
			target = 32E6A8DE2BEB36F10033DC04 /* Assignment */;
			targetProxy = 32E6A8FA2BEB36F20033DC04 /* PBXContainerItemProxy */;
		};
/* End PBXTargetDependency section */

/* Begin XCBuildConfiguration section */
		32E6A9012BEB36F20033DC04 /* Debug */ = {
			isa = XCBuildConfiguration;
			buildSettings = {
				ALWAYS_SEARCH_USER_PATHS = NO;
				ASSETCATALOG_COMPILER_GENERATE_SWIFT_ASSET_SYMBOL_EXTENSIONS = YES;
				CLANG_ANALYZER_NONNULL = YES;
				CLANG_ANALYZER_NUMBER_OBJECT_CONVERSION = YES_AGGRESSIVE;
				CLANG_CXX_LANGUAGE_STANDARD = "gnu++20";
				CLANG_ENABLE_MODULES = YES;
				CLANG_ENABLE_OBJC_ARC = YES;
				CLANG_ENABLE_OBJC_WEAK = YES;
				CLANG_WARN_BLOCK_CAPTURE_AUTORELEASING = YES;
				CLANG_WARN_BOOL_CONVERSION = YES;
				CLANG_WARN_COMMA = YES;
				CLANG_WARN_CONSTANT_CONVERSION = YES;
				CLANG_WARN_DEPRECATED_OBJC_IMPLEMENTATIONS = YES;
				CLANG_WARN_DIRECT_OBJC_ISA_USAGE = YES_ERROR;
				CLANG_WARN_DOCUMENTATION_COMMENTS = YES;
				CLANG_WARN_EMPTY_BODY = YES;
				CLANG_WARN_ENUM_CONVERSION = YES;
				CLANG_WARN_INFINITE_RECURSION = YES;
				CLANG_WARN_INT_CONVERSION = YES;
				CLANG_WARN_NON_LITERAL_NULL_CONVERSION = YES;
				CLANG_WARN_OBJC_IMPLICIT_RETAIN_SELF = YES;
				CLANG_WARN_OBJC_LITERAL_CONVERSION = YES;
				CLANG_WARN_OBJC_ROOT_CLASS = YES_ERROR;
				CLANG_WARN_QUOTED_INCLUDE_IN_FRAMEWORK_HEADER = YES;
				CLANG_WARN_RANGE_LOOP_ANALYSIS = YES;
				CLANG_WARN_STRICT_PROTOTYPES = YES;
				CLANG_WARN_SUSPICIOUS_MOVE = YES;
				CLANG_WARN_UNGUARDED_AVAILABILITY = YES_AGGRESSIVE;
				CLANG_WARN_UNREACHABLE_CODE = YES;
				CLANG_WARN__DUPLICATE_METHOD_MATCH = YES;
				COPY_PHASE_STRIP = NO;
				DEBUG_INFORMATION_FORMAT = dwarf;
				ENABLE_STRICT_OBJC_MSGSEND = YES;
				ENABLE_TESTABILITY = YES;
				ENABLE_USER_SCRIPT_SANDBOXING = YES;
				GCC_C_LANGUAGE_STANDARD = gnu17;
				GCC_DYNAMIC_NO_PIC = NO;
				GCC_NO_COMMON_BLOCKS = YES;
				GCC_OPTIMIZATION_LEVEL = 0;
				GCC_PREPROCESSOR_DEFINITIONS = (
					"DEBUG=1",
					"$(inherited)",
				);
				GCC_WARN_64_TO_32_BIT_CONVERSION = YES;
				GCC_WARN_ABOUT_RETURN_TYPE = YES_ERROR;
				GCC_WARN_UNDECLARED_SELECTOR = YES;
				GCC_WARN_UNINITIALIZED_AUTOS = YES_AGGRESSIVE;
				GCC_WARN_UNUSED_FUNCTION = YES;
				GCC_WARN_UNUSED_VARIABLE = YES;
				IPHONEOS_DEPLOYMENT_TARGET = 17.2;
				LOCALIZATION_PREFERS_STRING_CATALOGS = YES;
				MTL_ENABLE_DEBUG_INFO = INCLUDE_SOURCE;
				MTL_FAST_MATH = YES;
				ONLY_ACTIVE_ARCH = YES;
				SDKROOT = iphoneos;
				SWIFT_ACTIVE_COMPILATION_CONDITIONS = "DEBUG $(inherited)";
				SWIFT_OPTIMIZATION_LEVEL = "-Onone";
			};
			name = Debug;
		};
		32E6A9022BEB36F20033DC04 /* Release */ = {
			isa = XCBuildConfiguration;
			buildSettings = {
				ALWAYS_SEARCH_USER_PATHS = NO;
				ASSETCATALOG_COMPILER_GENERATE_SWIFT_ASSET_SYMBOL_EXTENSIONS = YES;
				CLANG_ANALYZER_NONNULL = YES;
				CLANG_ANALYZER_NUMBER_OBJECT_CONVERSION = YES_AGGRESSIVE;
				CLANG_CXX_LANGUAGE_STANDARD = "gnu++20";
				CLANG_ENABLE_MODULES = YES;
				CLANG_ENABLE_OBJC_ARC = YES;
				CLANG_ENABLE_OBJC_WEAK = YES;
				CLANG_WARN_BLOCK_CAPTURE_AUTORELEASING = YES;
				CLANG_WARN_BOOL_CONVERSION = YES;
				CLANG_WARN_COMMA = YES;
				CLANG_WARN_CONSTANT_CONVERSION = YES;
				CLANG_WARN_DEPRECATED_OBJC_IMPLEMENTATIONS = YES;
				CLANG_WARN_DIRECT_OBJC_ISA_USAGE = YES_ERROR;
				CLANG_WARN_DOCUMENTATION_COMMENTS = YES;
				CLANG_WARN_EMPTY_BODY = YES;
				CLANG_WARN_ENUM_CONVERSION = YES;
				CLANG_WARN_INFINITE_RECURSION = YES;
				CLANG_WARN_INT_CONVERSION = YES;
				CLANG_WARN_NON_LITERAL_NULL_CONVERSION = YES;
				CLANG_WARN_OBJC_IMPLICIT_RETAIN_SELF = YES;
				CLANG_WARN_OBJC_LITERAL_CONVERSION = YES;
				CLANG_WARN_OBJC_ROOT_CLASS = YES_ERROR;
				CLANG_WARN_QUOTED_INCLUDE_IN_FRAMEWORK_HEADER = YES;
				CLANG_WARN_RANGE_LOOP_ANALYSIS = YES;
				CLANG_WARN_STRICT_PROTOTYPES = YES;
				CLANG_WARN_SUSPICIOUS_MOVE = YES;
				CLANG_WARN_UNGUARDED_AVAILABILITY = YES_AGGRESSIVE;
				CLANG_WARN_UNREACHABLE_CODE = YES;
				CLANG_WARN__DUPLICATE_METHOD_MATCH = YES;
				COPY_PHASE_STRIP = NO;
				DEBUG_INFORMATION_FORMAT = "dwarf-with-dsym";
				ENABLE_NS_ASSERTIONS = NO;
				ENABLE_STRICT_OBJC_MSGSEND = YES;
				ENABLE_USER_SCRIPT_SANDBOXING = YES;
				GCC_C_LANGUAGE_STANDARD = gnu17;
				GCC_NO_COMMON_BLOCKS = YES;
				GCC_WARN_64_TO_32_BIT_CONVERSION = YES;
				GCC_WARN_ABOUT_RETURN_TYPE = YES_ERROR;
				GCC_WARN_UNDECLARED_SELECTOR = YES;
				GCC_WARN_UNINITIALIZED_AUTOS = YES_AGGRESSIVE;
				GCC_WARN_UNUSED_FUNCTION = YES;
				GCC_WARN_UNUSED_VARIABLE = YES;
				IPHONEOS_DEPLOYMENT_TARGET = 17.2;
				LOCALIZATION_PREFERS_STRING_CATALOGS = YES;
				MTL_ENABLE_DEBUG_INFO = NO;
				MTL_FAST_MATH = YES;
				SDKROOT = iphoneos;
				SWIFT_COMPILATION_MODE = wholemodule;
				VALIDATE_PRODUCT = YES;
			};
			name = Release;
		};
		32E6A9042BEB36F20033DC04 /* Debug */ = {
			isa = XCBuildConfiguration;
			buildSettings = {
				ASSETCATALOG_COMPILER_APPICON_NAME = AppIcon;
				ASSETCATALOG_COMPILER_GLOBAL_ACCENT_COLOR_NAME = AccentColor;
				CODE_SIGN_STYLE = Automatic;
				CURRENT_PROJECT_VERSION = 1;
				DEVELOPMENT_ASSET_PATHS = "\"Assignment/Preview Content\"";
				ENABLE_PREVIEWS = YES;
				GENERATE_INFOPLIST_FILE = YES;
				INFOPLIST_KEY_UIApplicationSceneManifest_Generation = YES;
				INFOPLIST_KEY_UIApplicationSupportsIndirectInputEvents = YES;
				INFOPLIST_KEY_UILaunchScreen_Generation = YES;
				INFOPLIST_KEY_UISupportedInterfaceOrientations_iPad = "UIInterfaceOrientationPortrait UIInterfaceOrientationPortraitUpsideDown UIInterfaceOrientationLandscapeLeft UIInterfaceOrientationLandscapeRight";
				INFOPLIST_KEY_UISupportedInterfaceOrientations_iPhone = "UIInterfaceOrientationPortrait UIInterfaceOrientationLandscapeLeft UIInterfaceOrientationLandscapeRight";
				LD_RUNPATH_SEARCH_PATHS = (
					"$(inherited)",
					"@executable_path/Frameworks",
				);
				MARKETING_VERSION = 1.0;
				PRODUCT_BUNDLE_IDENTIFIER = com.assignment.Assignment;
				PRODUCT_NAME = "$(TARGET_NAME)";
				SWIFT_EMIT_LOC_STRINGS = YES;
				SWIFT_VERSION = 5.0;
				TARGETED_DEVICE_FAMILY = "1,2";
			};
			name = Debug;
		};
		32E6A9052BEB36F20033DC04 /* Release */ = {
			isa = XCBuildConfiguration;
			buildSettings = {
				ASSETCATALOG_COMPILER_APPICON_NAME = AppIcon;
				ASSETCATALOG_COMPILER_GLOBAL_ACCENT_COLOR_NAME = AccentColor;
				CODE_SIGN_STYLE = Automatic;
				CURRENT_PROJECT_VERSION = 1;
				DEVELOPMENT_ASSET_PATHS = "\"Assignment/Preview Content\"";
				ENABLE_PREVIEWS = YES;
				GENERATE_INFOPLIST_FILE = YES;
				INFOPLIST_KEY_UIApplicationSceneManifest_Generation = YES;
				INFOPLIST_KEY_UIApplicationSupportsIndirectInputEvents = YES;
				INFOPLIST_KEY_UILaunchScreen_Generation = YES;
				INFOPLIST_KEY_UISupportedInterfaceOrientations_iPad = "UIInterfaceOrientationPortrait UIInterfaceOrientationPortraitUpsideDown UIInterfaceOrientationLandscapeLeft UIInterfaceOrientationLandscapeRight";
				INFOPLIST_KEY_UISupportedInterfaceOrientations_iPhone = "UIInterfaceOrientationPortrait UIInterfaceOrientationLandscapeLeft UIInterfaceOrientationLandscapeRight";
				LD_RUNPATH_SEARCH_PATHS = (
					"$(inherited)",
					"@executable_path/Frameworks",
				);
				MARKETING_VERSION = 1.0;
				PRODUCT_BUNDLE_IDENTIFIER = com.assignment.Assignment;
				PRODUCT_NAME = "$(TARGET_NAME)";
				SWIFT_EMIT_LOC_STRINGS = YES;
				SWIFT_VERSION = 5.0;
				TARGETED_DEVICE_FAMILY = "1,2";
			};
			name = Release;
		};
		32E6A9072BEB36F20033DC04 /* Debug */ = {
			isa = XCBuildConfiguration;
			buildSettings = {
				ALWAYS_EMBED_SWIFT_STANDARD_LIBRARIES = YES;
				BUNDLE_LOADER = "$(TEST_HOST)";
				CODE_SIGN_STYLE = Automatic;
				CURRENT_PROJECT_VERSION = 1;
				GENERATE_INFOPLIST_FILE = YES;
				IPHONEOS_DEPLOYMENT_TARGET = 17.2;
				MARKETING_VERSION = 1.0;
				PRODUCT_BUNDLE_IDENTIFIER = com.assignment.AssignmentTests;
				PRODUCT_NAME = "$(TARGET_NAME)";
				SWIFT_EMIT_LOC_STRINGS = NO;
				SWIFT_VERSION = 5.0;
				TARGETED_DEVICE_FAMILY = "1,2";
				TEST_HOST = "$(BUILT_PRODUCTS_DIR)/Assignment.app/$(BUNDLE_EXECUTABLE_FOLDER_PATH)/Assignment";
			};
			name = Debug;
		};
		32E6A9082BEB36F20033DC04 /* Release */ = {
			isa = XCBuildConfiguration;
			buildSettings = {
				ALWAYS_EMBED_SWIFT_STANDARD_LIBRARIES = YES;
				BUNDLE_LOADER = "$(TEST_HOST)";
				CODE_SIGN_STYLE = Automatic;
				CURRENT_PROJECT_VERSION = 1;
				GENERATE_INFOPLIST_FILE = YES;
				IPHONEOS_DEPLOYMENT_TARGET = 17.2;
				MARKETING_VERSION = 1.0;
				PRODUCT_BUNDLE_IDENTIFIER = com.assignment.AssignmentTests;
				PRODUCT_NAME = "$(TARGET_NAME)";
				SWIFT_EMIT_LOC_STRINGS = NO;
				SWIFT_VERSION = 5.0;
				TARGETED_DEVICE_FAMILY = "1,2";
				TEST_HOST = "$(BUILT_PRODUCTS_DIR)/Assignment.app/$(BUNDLE_EXECUTABLE_FOLDER_PATH)/Assignment";
			};
			name = Release;
		};
		32E6A90A2BEB36F20033DC04 /* Debug */ = {
			isa = XCBuildConfiguration;
			buildSettings = {
				ALWAYS_EMBED_SWIFT_STANDARD_LIBRARIES = YES;
				CODE_SIGN_STYLE = Automatic;
				CURRENT_PROJECT_VERSION = 1;
				GENERATE_INFOPLIST_FILE = YES;
				MARKETING_VERSION = 1.0;
				PRODUCT_BUNDLE_IDENTIFIER = com.assignment.AssignmentUITests;
				PRODUCT_NAME = "$(TARGET_NAME)";
				SWIFT_EMIT_LOC_STRINGS = NO;
				SWIFT_VERSION = 5.0;
				TARGETED_DEVICE_FAMILY = "1,2";
				TEST_TARGET_NAME = Assignment;
			};
			name = Debug;
		};
		32E6A90B2BEB36F20033DC04 /* Release */ = {
			isa = XCBuildConfiguration;
			buildSettings = {
				ALWAYS_EMBED_SWIFT_STANDARD_LIBRARIES = YES;
				CODE_SIGN_STYLE = Automatic;
				CURRENT_PROJECT_VERSION = 1;
				GENERATE_INFOPLIST_FILE = YES;
				MARKETING_VERSION = 1.0;
				PRODUCT_BUNDLE_IDENTIFIER = com.assignment.AssignmentUITests;
				PRODUCT_NAME = "$(TARGET_NAME)";
				SWIFT_EMIT_LOC_STRINGS = NO;
				SWIFT_VERSION = 5.0;
				TARGETED_DEVICE_FAMILY = "1,2";
				TEST_TARGET_NAME = Assignment;
			};
			name = Release;
		};
/* End XCBuildConfiguration section */

/* Begin XCConfigurationList section */
		32E6A8DA2BEB36F10033DC04 /* Build configuration list for PBXProject "Assignment" */ = {
			isa = XCConfigurationList;
			buildConfigurations = (
				32E6A9012BEB36F20033DC04 /* Debug */,
				32E6A9022BEB36F20033DC04 /* Release */,
			);
			defaultConfigurationIsVisible = 0;
			defaultConfigurationName = Release;
		};
		32E6A9032BEB36F20033DC04 /* Build configuration list for PBXNativeTarget "Assignment" */ = {
			isa = XCConfigurationList;
			buildConfigurations = (
				32E6A9042BEB36F20033DC04 /* Debug */,
				32E6A9052BEB36F20033DC04 /* Release */,
			);
			defaultConfigurationIsVisible = 0;
			defaultConfigurationName = Release;
		};
		32E6A9062BEB36F20033DC04 /* Build configuration list for PBXNativeTarget "AssignmentTests" */ = {
			isa = XCConfigurationList;
			buildConfigurations = (
				32E6A9072BEB36F20033DC04 /* Debug */,
				32E6A9082BEB36F20033DC04 /* Release */,
			);
			defaultConfigurationIsVisible = 0;
			defaultConfigurationName = Release;
		};
		32E6A9092BEB36F20033DC04 /* Build configuration list for PBXNativeTarget "AssignmentUITests" */ = {
			isa = XCConfigurationList;
			buildConfigurations = (
				32E6A90A2BEB36F20033DC04 /* Debug */,
				32E6A90B2BEB36F20033DC04 /* Release */,
			);
			defaultConfigurationIsVisible = 0;
			defaultConfigurationName = Release;
		};
/* End XCConfigurationList section */
	};
	rootObject = 32E6A8D72BEB36F10033DC04 /* Project object */;
}
